
Microsoft Visual Studio Solution File, Format Version 12.00
# Visual Studio 15
VisualStudioVersion = 15.0.28010.2046
MinimumVisualStudioVersion = 10.0.40219.1
Project("{FAE04EC0-301F-11D3-BF4B-00C04F79EFBC}") = "FaladeEngine", "FaladeEngine\FaladeEngine.csproj", "{E1DFB0AB-9E43-48D0-BBC7-8E38D8163FA2}"
EndProject
Project("{FAE04EC0-301F-11D3-BF4B-00C04F79EFBC}") = "StockfishEngine", "StockfishEngine\StockfishEngine.csproj", "{F17F8D65-A74C-465A-8F5E-E3D3C2F51FC1}"
EndProject
Project("{FAE04EC0-301F-11D3-BF4B-00C04F79EFBC}") = "ElliotChessWinForms", "ElliotChessWinForms\ElliotChessWinForms.csproj", "{B0A57B03-D82E-4898-95CC-EB4E0C374C9B}"
EndProject
Project("{FAE04EC0-301F-11D3-BF4B-00C04F79EFBC}") = "ElliotChessBackend", "ElliotChessBackend\ElliotChessBackend.csproj", "{FAB48294-3276-49AF-A8F1-80E5899B487A}"
EndProject
Project("{FAE04EC0-301F-11D3-BF4B-00C04F79EFBC}") = "MenzelDiags", "MenzelDiags\MenzelDiags.csproj", "{FA9263C0-2149-434E-9344-06AD5B14DCE7}"
EndProject
Project("{FAE04EC0-301F-11D3-BF4B-00C04F79EFBC}") = "ElliotTests", "ElliotTests\ElliotTests.csproj", "{A814AA0A-9F99-494C-9155-D0AE09FFDA0F}"
EndProject
Global
	GlobalSection(SolutionConfigurationPlatforms) = preSolution
		Debug|Any CPU = Debug|Any CPU
		Release|Any CPU = Release|Any CPU
	EndGlobalSection
	GlobalSection(ProjectConfigurationPlatforms) = postSolution
		{E1DFB0AB-9E43-48D0-BBC7-8E38D8163FA2}.Debug|Any CPU.ActiveCfg = Debug|Any CPU
		{E1DFB0AB-9E43-48D0-BBC7-8E38D8163FA2}.Debug|Any CPU.Build.0 = Debug|Any CPU
		{E1DFB0AB-9E43-48D0-BBC7-8E38D8163FA2}.Release|Any CPU.ActiveCfg = Release|Any CPU
		{E1DFB0AB-9E43-48D0-BBC7-8E38D8163FA2}.Release|Any CPU.Build.0 = Release|Any CPU
		{F17F8D65-A74C-465A-8F5E-E3D3C2F51FC1}.Debug|Any CPU.ActiveCfg = Debug|Any CPU
		{F17F8D65-A74C-465A-8F5E-E3D3C2F51FC1}.Debug|Any CPU.Build.0 = Debug|Any CPU
		{F17F8D65-A74C-465A-8F5E-E3D3C2F51FC1}.Release|Any CPU.ActiveCfg = Release|Any CPU
		{F17F8D65-A74C-465A-8F5E-E3D3C2F51FC1}.Release|Any CPU.Build.0 = Release|Any CPU
		{B0A57B03-D82E-4898-95CC-EB4E0C374C9B}.Debug|Any CPU.ActiveCfg = Debug|Any CPU
		{B0A57B03-D82E-4898-95CC-EB4E0C374C9B}.Debug|Any CPU.Build.0 = Debug|Any CPU
		{B0A57B03-D82E-4898-95CC-EB4E0C374C9B}.Release|Any CPU.ActiveCfg = Release|Any CPU
		{B0A57B03-D82E-4898-95CC-EB4E0C374C9B}.Release|Any CPU.Build.0 = Release|Any CPU
		{FAB48294-3276-49AF-A8F1-80E5899B487A}.Debug|Any CPU.ActiveCfg = Debug|Any CPU
		{FAB48294-3276-49AF-A8F1-80E5899B487A}.Debug|Any CPU.Build.0 = Debug|Any CPU
		{FAB48294-3276-49AF-A8F1-80E5899B487A}.Release|Any CPU.ActiveCfg = Release|Any CPU
		{FAB48294-3276-49AF-A8F1-80E5899B487A}.Release|Any CPU.Build.0 = Release|Any CPU
		{FA9263C0-2149-434E-9344-06AD5B14DCE7}.Debug|Any CPU.ActiveCfg = Debug|Any CPU
		{FA9263C0-2149-434E-9344-06AD5B14DCE7}.Debug|Any CPU.Build.0 = Debug|Any CPU
		{FA9263C0-2149-434E-9344-06AD5B14DCE7}.Release|Any CPU.ActiveCfg = Release|Any CPU
		{FA9263C0-2149-434E-9344-06AD5B14DCE7}.Release|Any CPU.Build.0 = Release|Any CPU
		{A814AA0A-9F99-494C-9155-D0AE09FFDA0F}.Debug|Any CPU.ActiveCfg = Debug|Any CPU
		{A814AA0A-9F99-494C-9155-D0AE09FFDA0F}.Debug|Any CPU.Build.0 = Debug|Any CPU
		{A814AA0A-9F99-494C-9155-D0AE09FFDA0F}.Release|Any CPU.ActiveCfg = Release|Any CPU
		{A814AA0A-9F99-494C-9155-D0AE09FFDA0F}.Release|Any CPU.Build.0 = Release|Any CPU
	EndGlobalSection
	GlobalSection(SolutionProperties) = preSolution
		HideSolutionNode = FALSE
	EndGlobalSection
	GlobalSection(ExtensibilityGlobals) = postSolution
		SolutionGuid = {CA9F135A-D5D0-4376-A904-A92608FC5CFE}
	EndGlobalSection
	GlobalSection(Performance) = preSolution
		HasPerformanceSessions = true
	EndGlobalSection
EndGlobal
